// !$*UTF8*$!
{
	archiveVersion = 1;
	classes = {
	};
	objectVersion = 50;
	objects = {

/* Begin PBXBuildFile section */
		63D2324225619C1E00EAF121 /* BetterCalculatorApp.swift in Sources */ = {isa = PBXBuildFile; fileRef = 63D2324125619C1E00EAF121 /* BetterCalculatorApp.swift */; };
		63D2324425619C1E00EAF121 /* ContentView.swift in Sources */ = {isa = PBXBuildFile; fileRef = 63D2324325619C1E00EAF121 /* ContentView.swift */; };
		63D2324625619C1F00EAF121 /* Assets.xcassets in Resources */ = {isa = PBXBuildFile; fileRef = 63D2324525619C1F00EAF121 /* Assets.xcassets */; };
		63D2324925619C1F00EAF121 /* Preview Assets.xcassets in Resources */ = {isa = PBXBuildFile; fileRef = 63D2324825619C1F00EAF121 /* Preview Assets.xcassets */; };
		63D2325425619C1F00EAF121 /* BetterCalculatorTests.swift in Sources */ = {isa = PBXBuildFile; fileRef = 63D2325325619C1F00EAF121 /* BetterCalculatorTests.swift */; };
		63D2325F25619C1F00EAF121 /* BetterCalculatorUITests.swift in Sources */ = {isa = PBXBuildFile; fileRef = 63D2325E25619C1F00EAF121 /* BetterCalculatorUITests.swift */; };
/* End PBXBuildFile section */

/* Begin PBXContainerItemProxy section */
		63D2325025619C1F00EAF121 /* PBXContainerItemProxy */ = {
			isa = PBXContainerItemProxy;
			containerPortal = 63D2323625619C1E00EAF121 /* Project object */;
			proxyType = 1;
			remoteGlobalIDString = 63D2323D25619C1E00EAF121;
			remoteInfo = BetterCalculator;
		};
		63D2325B25619C1F00EAF121 /* PBXContainerItemProxy */ = {
			isa = PBXContainerItemProxy;
			containerPortal = 63D2323625619C1E00EAF121 /* Project object */;
			proxyType = 1;
			remoteGlobalIDString = 63D2323D25619C1E00EAF121;
			remoteInfo = BetterCalculator;
		};
/* End PBXContainerItemProxy section */

/* Begin PBXFileReference section */
		63D2323E25619C1E00EAF121 /* BetterCalculator.app */ = {isa = PBXFileReference; explicitFileType = wrapper.application; includeInIndex = 0; path = BetterCalculator.app; sourceTree = BUILT_PRODUCTS_DIR; };
		63D2324125619C1E00EAF121 /* BetterCalculatorApp.swift */ = {isa = PBXFileReference; lastKnownFileType = sourcecode.swift; path = BetterCalculatorApp.swift; sourceTree = "<group>"; };
		63D2324325619C1E00EAF121 /* ContentView.swift */ = {isa = PBXFileReference; lastKnownFileType = sourcecode.swift; path = ContentView.swift; sourceTree = "<group>"; };
		63D2324525619C1F00EAF121 /* Assets.xcassets */ = {isa = PBXFileReference; lastKnownFileType = folder.assetcatalog; path = Assets.xcassets; sourceTree = "<group>"; };
		63D2324825619C1F00EAF121 /* Preview Assets.xcassets */ = {isa = PBXFileReference; lastKnownFileType = folder.assetcatalog; path = "Preview Assets.xcassets"; sourceTree = "<group>"; };
		63D2324A25619C1F00EAF121 /* Info.plist */ = {isa = PBXFileReference; lastKnownFileType = text.plist.xml; path = Info.plist; sourceTree = "<group>"; };
		63D2324F25619C1F00EAF121 /* BetterCalculatorTests.xctest */ = {isa = PBXFileReference; explicitFileType = wrapper.cfbundle; includeInIndex = 0; path = BetterCalculatorTests.xctest; sourceTree = BUILT_PRODUCTS_DIR; };
		63D2325325619C1F00EAF121 /* BetterCalculatorTests.swift */ = {isa = PBXFileReference; lastKnownFileType = sourcecode.swift; path = BetterCalculatorTests.swift; sourceTree = "<group>"; };
		63D2325525619C1F00EAF121 /* Info.plist */ = {isa = PBXFileReference; lastKnownFileType = text.plist.xml; path = Info.plist; sourceTree = "<group>"; };
		63D2325A25619C1F00EAF121 /* BetterCalculatorUITests.xctest */ = {isa = PBXFileReference; explicitFileType = wrapper.cfbundle; includeInIndex = 0; path = BetterCalculatorUITests.xctest; sourceTree = BUILT_PRODUCTS_DIR; };
		63D2325E25619C1F00EAF121 /* BetterCalculatorUITests.swift */ = {isa = PBXFileReference; lastKnownFileType = sourcecode.swift; path = BetterCalculatorUITests.swift; sourceTree = "<group>"; };
		63D2326025619C1F00EAF121 /* Info.plist */ = {isa = PBXFileReference; lastKnownFileType = text.plist.xml; path = Info.plist; sourceTree = "<group>"; };
/* End PBXFileReference section */

/* Begin PBXFrameworksBuildPhase section */
		63D2323B25619C1E00EAF121 /* Frameworks */ = {
			isa = PBXFrameworksBuildPhase;
			buildActionMask = 2147483647;
			files = (
			);
			runOnlyForDeploymentPostprocessing = 0;
		};
		63D2324C25619C1F00EAF121 /* Frameworks */ = {
			isa = PBXFrameworksBuildPhase;
			buildActionMask = 2147483647;
			files = (
			);
			runOnlyForDeploymentPostprocessing = 0;
		};
		63D2325725619C1F00EAF121 /* Frameworks */ = {
			isa = PBXFrameworksBuildPhase;
			buildActionMask = 2147483647;
			files = (
			);
			runOnlyForDeploymentPostprocessing = 0;
		};
/* End PBXFrameworksBuildPhase section */

/* Begin PBXGroup section */
		63D2323525619C1E00EAF121 = {
			isa = PBXGroup;
			children = (
				63D2324025619C1E00EAF121 /* BetterCalculator */,
				63D2325225619C1F00EAF121 /* BetterCalculatorTests */,
				63D2325D25619C1F00EAF121 /* BetterCalculatorUITests */,
				63D2323F25619C1E00EAF121 /* Products */,
			);
			sourceTree = "<group>";
		};
		63D2323F25619C1E00EAF121 /* Products */ = {
			isa = PBXGroup;
			children = (
				63D2323E25619C1E00EAF121 /* BetterCalculator.app */,
				63D2324F25619C1F00EAF121 /* BetterCalculatorTests.xctest */,
				63D2325A25619C1F00EAF121 /* BetterCalculatorUITests.xctest */,
			);
			name = Products;
			sourceTree = "<group>";
		};
		63D2324025619C1E00EAF121 /* BetterCalculator */ = {
			isa = PBXGroup;
			children = (
				63D2324125619C1E00EAF121 /* BetterCalculatorApp.swift */,
				63D2324325619C1E00EAF121 /* ContentView.swift */,
				63D2324525619C1F00EAF121 /* Assets.xcassets */,
				63D2324A25619C1F00EAF121 /* Info.plist */,
				63D2324725619C1F00EAF121 /* Preview Content */,
			);
			path = BetterCalculator;
			sourceTree = "<group>";
		};
		63D2324725619C1F00EAF121 /* Preview Content */ = {
			isa = PBXGroup;
			children = (
				63D2324825619C1F00EAF121 /* Preview Assets.xcassets */,
			);
			path = "Preview Content";
			sourceTree = "<group>";
		};
		63D2325225619C1F00EAF121 /* BetterCalculatorTests */ = {
			isa = PBXGroup;
			children = (
				63D2325325619C1F00EAF121 /* BetterCalculatorTests.swift */,
				63D2325525619C1F00EAF121 /* Info.plist */,
			);
			path = BetterCalculatorTests;
			sourceTree = "<group>";
		};
		63D2325D25619C1F00EAF121 /* BetterCalculatorUITests */ = {
			isa = PBXGroup;
			children = (
				63D2325E25619C1F00EAF121 /* BetterCalculatorUITests.swift */,
				63D2326025619C1F00EAF121 /* Info.plist */,
			);
			path = BetterCalculatorUITests;
			sourceTree = "<group>";
		};
/* End PBXGroup section */

/* Begin PBXNativeTarget section */
		63D2323D25619C1E00EAF121 /* BetterCalculator */ = {
			isa = PBXNativeTarget;
			buildConfigurationList = 63D2326325619C1F00EAF121 /* Build configuration list for PBXNativeTarget "BetterCalculator" */;
			buildPhases = (
				63D2323A25619C1E00EAF121 /* Sources */,
				63D2323B25619C1E00EAF121 /* Frameworks */,
				63D2323C25619C1E00EAF121 /* Resources */,
			);
			buildRules = (
			);
			dependencies = (
			);
			name = BetterCalculator;
			productName = BetterCalculator;
			productReference = 63D2323E25619C1E00EAF121 /* BetterCalculator.app */;
			productType = "com.apple.product-type.application";
		};
		63D2324E25619C1F00EAF121 /* BetterCalculatorTests */ = {
			isa = PBXNativeTarget;
			buildConfigurationList = 63D2326625619C1F00EAF121 /* Build configuration list for PBXNativeTarget "BetterCalculatorTests" */;
			buildPhases = (
				63D2324B25619C1F00EAF121 /* Sources */,
				63D2324C25619C1F00EAF121 /* Frameworks */,
				63D2324D25619C1F00EAF121 /* Resources */,
			);
			buildRules = (
			);
			dependencies = (
				63D2325125619C1F00EAF121 /* PBXTargetDependency */,
			);
			name = BetterCalculatorTests;
			productName = BetterCalculatorTests;
			productReference = 63D2324F25619C1F00EAF121 /* BetterCalculatorTests.xctest */;
			productType = "com.apple.product-type.bundle.unit-test";
		};
		63D2325925619C1F00EAF121 /* BetterCalculatorUITests */ = {
			isa = PBXNativeTarget;
			buildConfigurationList = 63D2326925619C1F00EAF121 /* Build configuration list for PBXNativeTarget "BetterCalculatorUITests" */;
			buildPhases = (
				63D2325625619C1F00EAF121 /* Sources */,
				63D2325725619C1F00EAF121 /* Frameworks */,
				63D2325825619C1F00EAF121 /* Resources */,
			);
			buildRules = (
			);
			dependencies = (
				63D2325C25619C1F00EAF121 /* PBXTargetDependency */,
			);
			name = BetterCalculatorUITests;
			productName = BetterCalculatorUITests;
			productReference = 63D2325A25619C1F00EAF121 /* BetterCalculatorUITests.xctest */;
			productType = "com.apple.product-type.bundle.ui-testing";
		};
/* End PBXNativeTarget section */

/* Begin PBXProject section */
		63D2323625619C1E00EAF121 /* Project object */ = {
			isa = PBXProject;
			attributes = {
				LastSwiftUpdateCheck = 1220;
				LastUpgradeCheck = 1220;
				TargetAttributes = {
					63D2323D25619C1E00EAF121 = {
						CreatedOnToolsVersion = 12.2;
					};
					63D2324E25619C1F00EAF121 = {
						CreatedOnToolsVersion = 12.2;
						TestTargetID = 63D2323D25619C1E00EAF121;
					};
					63D2325925619C1F00EAF121 = {
						CreatedOnToolsVersion = 12.2;
						TestTargetID = 63D2323D25619C1E00EAF121;
					};
				};
			};
			buildConfigurationList = 63D2323925619C1E00EAF121 /* Build configuration list for PBXProject "BetterCalculator" */;
			compatibilityVersion = "Xcode 9.3";
			developmentRegion = en;
			hasScannedForEncodings = 0;
			knownRegions = (
				en,
				Base,
			);
			mainGroup = 63D2323525619C1E00EAF121;
			productRefGroup = 63D2323F25619C1E00EAF121 /* Products */;
			projectDirPath = "";
			projectRoot = "";
			targets = (
				63D2323D25619C1E00EAF121 /* BetterCalculator */,
				63D2324E25619C1F00EAF121 /* BetterCalculatorTests */,
				63D2325925619C1F00EAF121 /* BetterCalculatorUITests */,
			);
		};
/* End PBXProject section */

/* Begin PBXResourcesBuildPhase section */
		63D2323C25619C1E00EAF121 /* Resources */ = {
			isa = PBXResourcesBuildPhase;
			buildActionMask = 2147483647;
			files = (
				63D2324925619C1F00EAF121 /* Preview Assets.xcassets in Resources */,
				63D2324625619C1F00EAF121 /* Assets.xcassets in Resources */,
			);
			runOnlyForDeploymentPostprocessing = 0;
		};
		63D2324D25619C1F00EAF121 /* Resources */ = {
			isa = PBXResourcesBuildPhase;
			buildActionMask = 2147483647;
			files = (
			);
			runOnlyForDeploymentPostprocessing = 0;
		};
		63D2325825619C1F00EAF121 /* Resources */ = {
			isa = PBXResourcesBuildPhase;
			buildActionMask = 2147483647;
			files = (
			);
			runOnlyForDeploymentPostprocessing = 0;
		};
/* End PBXResourcesBuildPhase section */

/* Begin PBXSourcesBuildPhase section */
		63D2323A25619C1E00EAF121 /* Sources */ = {
			isa = PBXSourcesBuildPhase;
			buildActionMask = 2147483647;
			files = (
				63D2324425619C1E00EAF121 /* ContentView.swift in Sources */,
				63D2324225619C1E00EAF121 /* BetterCalculatorApp.swift in Sources */,
			);
			runOnlyForDeploymentPostprocessing = 0;
		};
		63D2324B25619C1F00EAF121 /* Sources */ = {
			isa = PBXSourcesBuildPhase;
			buildActionMask = 2147483647;
			files = (
				63D2325425619C1F00EAF121 /* BetterCalculatorTests.swift in Sources */,
			);
			runOnlyForDeploymentPostprocessing = 0;
		};
		63D2325625619C1F00EAF121 /* Sources */ = {
			isa = PBXSourcesBuildPhase;
			buildActionMask = 2147483647;
			files = (
				63D2325F25619C1F00EAF121 /* BetterCalculatorUITests.swift in Sources */,
			);
			runOnlyForDeploymentPostprocessing = 0;
		};
/* End PBXSourcesBuildPhase section */

/* Begin PBXTargetDependency section */
		63D2325125619C1F00EAF121 /* PBXTargetDependency */ = {
			isa = PBXTargetDependency;
			target = 63D2323D25619C1E00EAF121 /* BetterCalculator */;
			targetProxy = 63D2325025619C1F00EAF121 /* PBXContainerItemProxy */;
		};
		63D2325C25619C1F00EAF121 /* PBXTargetDependency */ = {
			isa = PBXTargetDependency;
			target = 63D2323D25619C1E00EAF121 /* BetterCalculator */;
			targetProxy = 63D2325B25619C1F00EAF121 /* PBXContainerItemProxy */;
		};
/* End PBXTargetDependency section */

/* Begin XCBuildConfiguration section */
		63D2326125619C1F00EAF121 /* Debug */ = {
			isa = XCBuildConfiguration;
			buildSettings = {
				ALWAYS_SEARCH_USER_PATHS = NO;
				CLANG_ANALYZER_NONNULL = YES;
				CLANG_ANALYZER_NUMBER_OBJECT_CONVERSION = YES_AGGRESSIVE;
				CLANG_CXX_LANGUAGE_STANDARD = "gnu++14";
				CLANG_CXX_LIBRARY = "libc++";
				CLANG_ENABLE_MODULES = YES;
				CLANG_ENABLE_OBJC_ARC = YES;
				CLANG_ENABLE_OBJC_WEAK = YES;
				CLANG_WARN_BLOCK_CAPTURE_AUTORELEASING = YES;
				CLANG_WARN_BOOL_CONVERSION = YES;
				CLANG_WARN_COMMA = YES;
				CLANG_WARN_CONSTANT_CONVERSION = YES;
				CLANG_WARN_DEPRECATED_OBJC_IMPLEMENTATIONS = YES;
				CLANG_WARN_DIRECT_OBJC_ISA_USAGE = YES_ERROR;
				CLANG_WARN_DOCUMENTATION_COMMENTS = YES;
				CLANG_WARN_EMPTY_BODY = YES;
				CLANG_WARN_ENUM_CONVERSION = YES;
				CLANG_WARN_INFINITE_RECURSION = YES;
				CLANG_WARN_INT_CONVERSION = YES;
				CLANG_WARN_NON_LITERAL_NULL_CONVERSION = YES;
				CLANG_WARN_OBJC_IMPLICIT_RETAIN_SELF = YES;
				CLANG_WARN_OBJC_LITERAL_CONVERSION = YES;
				CLANG_WARN_OBJC_ROOT_CLASS = YES_ERROR;
				CLANG_WARN_QUOTED_INCLUDE_IN_FRAMEWORK_HEADER = YES;
				CLANG_WARN_RANGE_LOOP_ANALYSIS = YES;
				CLANG_WARN_STRICT_PROTOTYPES = YES;
				CLANG_WARN_SUSPICIOUS_MOVE = YES;
				CLANG_WARN_UNGUARDED_AVAILABILITY = YES_AGGRESSIVE;
				CLANG_WARN_UNREACHABLE_CODE = YES;
				CLANG_WARN__DUPLICATE_METHOD_MATCH = YES;
				COPY_PHASE_STRIP = NO;
				DEBUG_INFORMATION_FORMAT = dwarf;
				ENABLE_STRICT_OBJC_MSGSEND = YES;
				ENABLE_TESTABILITY = YES;
				GCC_C_LANGUAGE_STANDARD = gnu11;
				GCC_DYNAMIC_NO_PIC = NO;
				GCC_NO_COMMON_BLOCKS = YES;
				GCC_OPTIMIZATION_LEVEL = 0;
				GCC_PREPROCESSOR_DEFINITIONS = (
					"DEBUG=1",
					"$(inherited)",
				);
				GCC_WARN_64_TO_32_BIT_CONVERSION = YES;
				GCC_WARN_ABOUT_RETURN_TYPE = YES_ERROR;
				GCC_WARN_UNDECLARED_SELECTOR = YES;
				GCC_WARN_UNINITIALIZED_AUTOS = YES_AGGRESSIVE;
				GCC_WARN_UNUSED_FUNCTION = YES;
				GCC_WARN_UNUSED_VARIABLE = YES;
				IPHONEOS_DEPLOYMENT_TARGET = 14.2;
				MTL_ENABLE_DEBUG_INFO = INCLUDE_SOURCE;
				MTL_FAST_MATH = YES;
				ONLY_ACTIVE_ARCH = YES;
				SDKROOT = iphoneos;
				SWIFT_ACTIVE_COMPILATION_CONDITIONS = DEBUG;
				SWIFT_OPTIMIZATION_LEVEL = "-Onone";
			};
			name = Debug;
		};
		63D2326225619C1F00EAF121 /* Release */ = {
			isa = XCBuildConfiguration;
			buildSettings = {
				ALWAYS_SEARCH_USER_PATHS = NO;
				CLANG_ANALYZER_NONNULL = YES;
				CLANG_ANALYZER_NUMBER_OBJECT_CONVERSION = YES_AGGRESSIVE;
				CLANG_CXX_LANGUAGE_STANDARD = "gnu++14";
				CLANG_CXX_LIBRARY = "libc++";
				CLANG_ENABLE_MODULES = YES;
				CLANG_ENABLE_OBJC_ARC = YES;
				CLANG_ENABLE_OBJC_WEAK = YES;
				CLANG_WARN_BLOCK_CAPTURE_AUTORELEASING = YES;
				CLANG_WARN_BOOL_CONVERSION = YES;
				CLANG_WARN_COMMA = YES;
				CLANG_WARN_CONSTANT_CONVERSION = YES;
				CLANG_WARN_DEPRECATED_OBJC_IMPLEMENTATIONS = YES;
				CLANG_WARN_DIRECT_OBJC_ISA_USAGE = YES_ERROR;
				CLANG_WARN_DOCUMENTATION_COMMENTS = YES;
				CLANG_WARN_EMPTY_BODY = YES;
				CLANG_WARN_ENUM_CONVERSION = YES;
				CLANG_WARN_INFINITE_RECURSION = YES;
				CLANG_WARN_INT_CONVERSION = YES;
				CLANG_WARN_NON_LITERAL_NULL_CONVERSION = YES;
				CLANG_WARN_OBJC_IMPLICIT_RETAIN_SELF = YES;
				CLANG_WARN_OBJC_LITERAL_CONVERSION = YES;
				CLANG_WARN_OBJC_ROOT_CLASS = YES_ERROR;
				CLANG_WARN_QUOTED_INCLUDE_IN_FRAMEWORK_HEADER = YES;
				CLANG_WARN_RANGE_LOOP_ANALYSIS = YES;
				CLANG_WARN_STRICT_PROTOTYPES = YES;
				CLANG_WARN_SUSPICIOUS_MOVE = YES;
				CLANG_WARN_UNGUARDED_AVAILABILITY = YES_AGGRESSIVE;
				CLANG_WARN_UNREACHABLE_CODE = YES;
				CLANG_WARN__DUPLICATE_METHOD_MATCH = YES;
				COPY_PHASE_STRIP = NO;
				DEBUG_INFORMATION_FORMAT = "dwarf-with-dsym";
				ENABLE_NS_ASSERTIONS = NO;
				ENABLE_STRICT_OBJC_MSGSEND = YES;
				GCC_C_LANGUAGE_STANDARD = gnu11;
				GCC_NO_COMMON_BLOCKS = YES;
				GCC_WARN_64_TO_32_BIT_CONVERSION = YES;
				GCC_WARN_ABOUT_RETURN_TYPE = YES_ERROR;
				GCC_WARN_UNDECLARED_SELECTOR = YES;
				GCC_WARN_UNINITIALIZED_AUTOS = YES_AGGRESSIVE;
				GCC_WARN_UNUSED_FUNCTION = YES;
				GCC_WARN_UNUSED_VARIABLE = YES;
				IPHONEOS_DEPLOYMENT_TARGET = 14.2;
				MTL_ENABLE_DEBUG_INFO = NO;
				MTL_FAST_MATH = YES;
				SDKROOT = iphoneos;
				SWIFT_COMPILATION_MODE = wholemodule;
				SWIFT_OPTIMIZATION_LEVEL = "-O";
				VALIDATE_PRODUCT = YES;
			};
			name = Release;
		};
		63D2326425619C1F00EAF121 /* Debug */ = {
			isa = XCBuildConfiguration;
			buildSettings = {
				ASSETCATALOG_COMPILER_APPICON_NAME = AppIcon;
				ASSETCATALOG_COMPILER_GLOBAL_ACCENT_COLOR_NAME = AccentColor;
				CODE_SIGN_STYLE = Automatic;
				DEVELOPMENT_ASSET_PATHS = "\"BetterCalculator/Preview Content\"";
				ENABLE_PREVIEWS = YES;
				INFOPLIST_FILE = BetterCalculator/Info.plist;
				IPHONEOS_DEPLOYMENT_TARGET = 14.0;
				LD_RUNPATH_SEARCH_PATHS = (
					"$(inherited)",
					"@executable_path/Frameworks",
				);
				PRODUCT_BUNDLE_IDENTIFIER = alberto.BetterCalculator;
				PRODUCT_NAME = "$(TARGET_NAME)";
				SWIFT_VERSION = 5.0;
				TARGETED_DEVICE_FAMILY = "1,2";
			};
			name = Debug;
		};
		63D2326525619C1F00EAF121 /* Release */ = {
			isa = XCBuildConfiguration;
			buildSettings = {
				ASSETCATALOG_COMPILER_APPICON_NAME = AppIcon;
				ASSETCATALOG_COMPILER_GLOBAL_ACCENT_COLOR_NAME = AccentColor;
				CODE_SIGN_STYLE = Automatic;
				DEVELOPMENT_ASSET_PATHS = "\"BetterCalculator/Preview Content\"";
				ENABLE_PREVIEWS = YES;
				INFOPLIST_FILE = BetterCalculator/Info.plist;
				IPHONEOS_DEPLOYMENT_TARGET = 14.0;
				LD_RUNPATH_SEARCH_PATHS = (
					"$(inherited)",
					"@executable_path/Frameworks",
				);
				PRODUCT_BUNDLE_IDENTIFIER = alberto.BetterCalculator;
				PRODUCT_NAME = "$(TARGET_NAME)";
				SWIFT_VERSION = 5.0;
				TARGETED_DEVICE_FAMILY = "1,2";
			};
			name = Release;
		};
		63D2326725619C1F00EAF121 /* Debug */ = {
			isa = XCBuildConfiguration;
			buildSettings = {
				ALWAYS_EMBED_SWIFT_STANDARD_LIBRARIES = YES;
				BUNDLE_LOADER = "$(TEST_HOST)";
				CODE_SIGN_STYLE = Automatic;
				INFOPLIST_FILE = BetterCalculatorTests/Info.plist;
				IPHONEOS_DEPLOYMENT_TARGET = 14.0;
				LD_RUNPATH_SEARCH_PATHS = (
					"$(inherited)",
					"@executable_path/Frameworks",
					"@loader_path/Frameworks",
				);
				PRODUCT_BUNDLE_IDENTIFIER = alberto.BetterCalculatorTests;
				PRODUCT_NAME = "$(TARGET_NAME)";
				SWIFT_VERSION = 5.0;
				TARGETED_DEVICE_FAMILY = "1,2";
				TEST_HOST = "$(BUILT_PRODUCTS_DIR)/BetterCalculator.app/BetterCalculator";
			};
			name = Debug;
		};
		63D2326825619C1F00EAF121 /* Release */ = {
			isa = XCBuildConfiguration;
			buildSettings = {
				ALWAYS_EMBED_SWIFT_STANDARD_LIBRARIES = YES;
				BUNDLE_LOADER = "$(TEST_HOST)";
				CODE_SIGN_STYLE = Automatic;
				INFOPLIST_FILE = BetterCalculatorTests/Info.plist;
				IPHONEOS_DEPLOYMENT_TARGET = 14.0;
				LD_RUNPATH_SEARCH_PATHS = (
					"$(inherited)",
					"@executable_path/Frameworks",
					"@loader_path/Frameworks",
				);
				PRODUCT_BUNDLE_IDENTIFIER = alberto.BetterCalculatorTests;
				PRODUCT_NAME = "$(TARGET_NAME)";
				SWIFT_VERSION = 5.0;
				TARGETED_DEVICE_FAMILY = "1,2";
				TEST_HOST = "$(BUILT_PRODUCTS_DIR)/BetterCalculator.app/BetterCalculator";
			};
			name = Release;
		};
		63D2326A25619C1F00EAF121 /* Debug */ = {
			isa = XCBuildConfiguration;
			buildSettings = {
				ALWAYS_EMBED_SWIFT_STANDARD_LIBRARIES = YES;
				CODE_SIGN_STYLE = Automatic;
				INFOPLIST_FILE = BetterCalculatorUITests/Info.plist;
				LD_RUNPATH_SEARCH_PATHS = (
					"$(inherited)",
					"@executable_path/Frameworks",
					"@loader_path/Frameworks",
				);
				PRODUCT_BUNDLE_IDENTIFIER = alberto.BetterCalculatorUITests;
				PRODUCT_NAME = "$(TARGET_NAME)";
				SWIFT_VERSION = 5.0;
				TARGETED_DEVICE_FAMILY = "1,2";
				TEST_TARGET_NAME = BetterCalculator;
			};
			name = Debug;
		};
		63D2326B25619C1F00EAF121 /* Release */ = {
			isa = XCBuildConfiguration;
			buildSettings = {
				ALWAYS_EMBED_SWIFT_STANDARD_LIBRARIES = YES;
				CODE_SIGN_STYLE = Automatic;
				INFOPLIST_FILE = BetterCalculatorUITests/Info.plist;
				LD_RUNPATH_SEARCH_PATHS = (
					"$(inherited)",
					"@executable_path/Frameworks",
					"@loader_path/Frameworks",
				);
				PRODUCT_BUNDLE_IDENTIFIER = alberto.BetterCalculatorUITests;
				PRODUCT_NAME = "$(TARGET_NAME)";
				SWIFT_VERSION = 5.0;
				TARGETED_DEVICE_FAMILY = "1,2";
				TEST_TARGET_NAME = BetterCalculator;
			};
			name = Release;
		};
/* End XCBuildConfiguration section */

/* Begin XCConfigurationList section */
		63D2323925619C1E00EAF121 /* Build configuration list for PBXProject "BetterCalculator" */ = {
			isa = XCConfigurationList;
			buildConfigurations = (
				63D2326125619C1F00EAF121 /* Debug */,
				63D2326225619C1F00EAF121 /* Release */,
			);
			defaultConfigurationIsVisible = 0;
			defaultConfigurationName = Release;
		};
		63D2326325619C1F00EAF121 /* Build configuration list for PBXNativeTarget "BetterCalculator" */ = {
			isa = XCConfigurationList;
			buildConfigurations = (
				63D2326425619C1F00EAF121 /* Debug */,
				63D2326525619C1F00EAF121 /* Release */,
			);
			defaultConfigurationIsVisible = 0;
			defaultConfigurationName = Release;
		};
		63D2326625619C1F00EAF121 /* Build configuration list for PBXNativeTarget "BetterCalculatorTests" */ = {
			isa = XCConfigurationList;
			buildConfigurations = (
				63D2326725619C1F00EAF121 /* Debug */,
				63D2326825619C1F00EAF121 /* Release */,
			);
			defaultConfigurationIsVisible = 0;
			defaultConfigurationName = Release;
		};
		63D2326925619C1F00EAF121 /* Build configuration list for PBXNativeTarget "BetterCalculatorUITests" */ = {
			isa = XCConfigurationList;
			buildConfigurations = (
				63D2326A25619C1F00EAF121 /* Debug */,
				63D2326B25619C1F00EAF121 /* Release */,
			);
			defaultConfigurationIsVisible = 0;
			defaultConfigurationName = Release;
		};
/* End XCConfigurationList section */
	};
	rootObject = 63D2323625619C1E00EAF121 /* Project object */;
}
